lockfileVersion: '9.0'

settings:
  autoInstallPeers: true
  excludeLinksFromLockfile: false

importers:

  .:
    dependencies:
      vscode-jsonrpc:
        specifier: ^8.2.1
        version: 8.2.1
      vscode-languageserver-types:
        specifier: ^3.17.5
        version: 3.17.5

packages:

  vscode-jsonrpc@8.2.1:
    resolution: {integrity: sha512-kdjOSJ2lLIn7r1rtrMbbNCHjyMPfRnowdKjBQ+mGq6NAW5QY2bEZC/khaC5OR8svbbjvLEaIXkOq45e2X9BIbQ==}
    engines: {node: '>=14.0.0'}

  vscode-languageserver-types@3.17.5:
    resolution: {integrity: sha512-Ld1VelNuX9pdF39h2Hgaeb5hEZM2Z3jUrrMgWQAu82jMtZp7p3vJT3BzToKtZI7NgQssZje5o0zryOrhQvzQAg==}

snapshots:

  vscode-jsonrpc@8.2.1: {}

  vscode-languageserver-types@3.17.5: {}
